
Microsoft Visual Studio Solution File, Format Version 12.00
# Visual Studio Version 17
VisualStudioVersion = 17.14.35906.104
MinimumVisualStudioVersion = 10.0.40219.1
Project("{FAE04EC0-301F-11D3-BF4B-00C04F79EFBC}") = "RecipeDal", "RecipeDal\RecipeDal\RecipeDal.csproj", "{3C939770-8818-4195-9D4C-8BA3C0046D4F}"
EndProject
Project("{2150E333-8FDC-42A3-9474-1A3956D46DE8}") = "Solution Items", "Solution Items", "{19FB2044-AD0B-48C2-9D7D-EB03CF146C13}"
	ProjectSection(SolutionItems) = preProject
		Demos.txt = Demos.txt
	EndProjectSection
EndProject
Project("{FAE04EC0-301F-11D3-BF4B-00C04F79EFBC}") = "Recipe.Test", "Recipe.Test\Recipe.Test.csproj", "{5C94917E-B3D4-464C-9D66-EC0D42344281}"
EndProject
Project("{00D1A9C2-B5F0-4AF3-8072-F6C62B433612}") = "Recipe.Database", "Recipe.Database\Recipe.Database.sqlproj", "{71DA7D95-FEF2-4C09-B6EC-EFA8A11323DC}"
EndProject
Project("{F184B08F-C81C-45F6-A57F-5ABD9991F28F}") = "RecipeForm", "RecipeForm\RecipeForm.vbproj", "{C5F73329-76FB-4D57-BCAB-D8CC762047BD}"
EndProject
Project("{FAE04EC0-301F-11D3-BF4B-00C04F79EFBC}") = "Recipe.Utils", "Recipe.Utils\Recipe.Utils.csproj", "{92D387E6-C7AA-47F6-A08E-EABD9791BEDD}"
EndProject
Global
	GlobalSection(SolutionConfigurationPlatforms) = preSolution
		Debug|Any CPU = Debug|Any CPU
		Debug|ARM = Debug|ARM
		Debug|x64 = Debug|x64
		Debug|x86 = Debug|x86
		Release|Any CPU = Release|Any CPU
		Release|ARM = Release|ARM
		Release|x64 = Release|x64
		Release|x86 = Release|x86
	EndGlobalSection
	GlobalSection(ProjectConfigurationPlatforms) = postSolution
		{3C939770-8818-4195-9D4C-8BA3C0046D4F}.Debug|Any CPU.ActiveCfg = Debug|Any CPU
		{3C939770-8818-4195-9D4C-8BA3C0046D4F}.Debug|Any CPU.Build.0 = Debug|Any CPU
		{3C939770-8818-4195-9D4C-8BA3C0046D4F}.Debug|ARM.ActiveCfg = Debug|Any CPU
		{3C939770-8818-4195-9D4C-8BA3C0046D4F}.Debug|ARM.Build.0 = Debug|Any CPU
		{3C939770-8818-4195-9D4C-8BA3C0046D4F}.Debug|x64.ActiveCfg = Debug|Any CPU
		{3C939770-8818-4195-9D4C-8BA3C0046D4F}.Debug|x64.Build.0 = Debug|Any CPU
		{3C939770-8818-4195-9D4C-8BA3C0046D4F}.Debug|x86.ActiveCfg = Debug|Any CPU
		{3C939770-8818-4195-9D4C-8BA3C0046D4F}.Debug|x86.Build.0 = Debug|Any CPU
		{3C939770-8818-4195-9D4C-8BA3C0046D4F}.Release|Any CPU.ActiveCfg = Release|Any CPU
		{3C939770-8818-4195-9D4C-8BA3C0046D4F}.Release|Any CPU.Build.0 = Release|Any CPU
		{3C939770-8818-4195-9D4C-8BA3C0046D4F}.Release|ARM.ActiveCfg = Release|Any CPU
		{3C939770-8818-4195-9D4C-8BA3C0046D4F}.Release|ARM.Build.0 = Release|Any CPU
		{3C939770-8818-4195-9D4C-8BA3C0046D4F}.Release|x64.ActiveCfg = Release|Any CPU
		{3C939770-8818-4195-9D4C-8BA3C0046D4F}.Release|x64.Build.0 = Release|Any CPU
		{3C939770-8818-4195-9D4C-8BA3C0046D4F}.Release|x86.ActiveCfg = Release|Any CPU
		{3C939770-8818-4195-9D4C-8BA3C0046D4F}.Release|x86.Build.0 = Release|Any CPU
		{5C94917E-B3D4-464C-9D66-EC0D42344281}.Debug|Any CPU.ActiveCfg = Debug|Any CPU
		{5C94917E-B3D4-464C-9D66-EC0D42344281}.Debug|Any CPU.Build.0 = Debug|Any CPU
		{5C94917E-B3D4-464C-9D66-EC0D42344281}.Debug|ARM.ActiveCfg = Debug|Any CPU
		{5C94917E-B3D4-464C-9D66-EC0D42344281}.Debug|ARM.Build.0 = Debug|Any CPU
		{5C94917E-B3D4-464C-9D66-EC0D42344281}.Debug|x64.ActiveCfg = Debug|Any CPU
		{5C94917E-B3D4-464C-9D66-EC0D42344281}.Debug|x64.Build.0 = Debug|Any CPU
		{5C94917E-B3D4-464C-9D66-EC0D42344281}.Debug|x86.ActiveCfg = Debug|Any CPU
		{5C94917E-B3D4-464C-9D66-EC0D42344281}.Debug|x86.Build.0 = Debug|Any CPU
		{5C94917E-B3D4-464C-9D66-EC0D42344281}.Release|Any CPU.ActiveCfg = Release|Any CPU
		{5C94917E-B3D4-464C-9D66-EC0D42344281}.Release|Any CPU.Build.0 = Release|Any CPU
		{5C94917E-B3D4-464C-9D66-EC0D42344281}.Release|ARM.ActiveCfg = Release|Any CPU
		{5C94917E-B3D4-464C-9D66-EC0D42344281}.Release|ARM.Build.0 = Release|Any CPU
		{5C94917E-B3D4-464C-9D66-EC0D42344281}.Release|x64.ActiveCfg = Release|Any CPU
		{5C94917E-B3D4-464C-9D66-EC0D42344281}.Release|x64.Build.0 = Release|Any CPU
		{5C94917E-B3D4-464C-9D66-EC0D42344281}.Release|x86.ActiveCfg = Release|Any CPU
		{5C94917E-B3D4-464C-9D66-EC0D42344281}.Release|x86.Build.0 = Release|Any CPU
		{71DA7D95-FEF2-4C09-B6EC-EFA8A11323DC}.Debug|Any CPU.ActiveCfg = Debug|Any CPU
		{71DA7D95-FEF2-4C09-B6EC-EFA8A11323DC}.Debug|Any CPU.Build.0 = Debug|Any CPU
		{71DA7D95-FEF2-4C09-B6EC-EFA8A11323DC}.Debug|Any CPU.Deploy.0 = Debug|Any CPU
		{71DA7D95-FEF2-4C09-B6EC-EFA8A11323DC}.Debug|ARM.ActiveCfg = Debug|Any CPU
		{71DA7D95-FEF2-4C09-B6EC-EFA8A11323DC}.Debug|ARM.Build.0 = Debug|Any CPU
		{71DA7D95-FEF2-4C09-B6EC-EFA8A11323DC}.Debug|ARM.Deploy.0 = Debug|Any CPU
		{71DA7D95-FEF2-4C09-B6EC-EFA8A11323DC}.Debug|x64.ActiveCfg = Debug|Any CPU
		{71DA7D95-FEF2-4C09-B6EC-EFA8A11323DC}.Debug|x64.Build.0 = Debug|Any CPU
		{71DA7D95-FEF2-4C09-B6EC-EFA8A11323DC}.Debug|x64.Deploy.0 = Debug|Any CPU
		{71DA7D95-FEF2-4C09-B6EC-EFA8A11323DC}.Debug|x86.ActiveCfg = Debug|Any CPU
		{71DA7D95-FEF2-4C09-B6EC-EFA8A11323DC}.Debug|x86.Build.0 = Debug|Any CPU
		{71DA7D95-FEF2-4C09-B6EC-EFA8A11323DC}.Debug|x86.Deploy.0 = Debug|Any CPU
		{71DA7D95-FEF2-4C09-B6EC-EFA8A11323DC}.Release|Any CPU.ActiveCfg = Release|Any CPU
		{71DA7D95-FEF2-4C09-B6EC-EFA8A11323DC}.Release|Any CPU.Build.0 = Release|Any CPU
		{71DA7D95-FEF2-4C09-B6EC-EFA8A11323DC}.Release|Any CPU.Deploy.0 = Release|Any CPU
		{71DA7D95-FEF2-4C09-B6EC-EFA8A11323DC}.Release|ARM.ActiveCfg = Release|Any CPU
		{71DA7D95-FEF2-4C09-B6EC-EFA8A11323DC}.Release|ARM.Build.0 = Release|Any CPU
		{71DA7D95-FEF2-4C09-B6EC-EFA8A11323DC}.Release|ARM.Deploy.0 = Release|Any CPU
		{71DA7D95-FEF2-4C09-B6EC-EFA8A11323DC}.Release|x64.ActiveCfg = Release|Any CPU
		{71DA7D95-FEF2-4C09-B6EC-EFA8A11323DC}.Release|x64.Build.0 = Release|Any CPU
		{71DA7D95-FEF2-4C09-B6EC-EFA8A11323DC}.Release|x64.Deploy.0 = Release|Any CPU
		{71DA7D95-FEF2-4C09-B6EC-EFA8A11323DC}.Release|x86.ActiveCfg = Release|Any CPU
		{71DA7D95-FEF2-4C09-B6EC-EFA8A11323DC}.Release|x86.Build.0 = Release|Any CPU
		{71DA7D95-FEF2-4C09-B6EC-EFA8A11323DC}.Release|x86.Deploy.0 = Release|Any CPU
		{C5F73329-76FB-4D57-BCAB-D8CC762047BD}.Debug|Any CPU.ActiveCfg = Debug|Any CPU
		{C5F73329-76FB-4D57-BCAB-D8CC762047BD}.Debug|Any CPU.Build.0 = Debug|Any CPU
		{C5F73329-76FB-4D57-BCAB-D8CC762047BD}.Debug|ARM.ActiveCfg = Debug|Any CPU
		{C5F73329-76FB-4D57-BCAB-D8CC762047BD}.Debug|ARM.Build.0 = Debug|Any CPU
		{C5F73329-76FB-4D57-BCAB-D8CC762047BD}.Debug|x64.ActiveCfg = Debug|Any CPU
		{C5F73329-76FB-4D57-BCAB-D8CC762047BD}.Debug|x64.Build.0 = Debug|Any CPU
		{C5F73329-76FB-4D57-BCAB-D8CC762047BD}.Debug|x86.ActiveCfg = Debug|Any CPU
		{C5F73329-76FB-4D57-BCAB-D8CC762047BD}.Debug|x86.Build.0 = Debug|Any CPU
		{C5F73329-76FB-4D57-BCAB-D8CC762047BD}.Release|Any CPU.ActiveCfg = Release|Any CPU
		{C5F73329-76FB-4D57-BCAB-D8CC762047BD}.Release|Any CPU.Build.0 = Release|Any CPU
		{C5F73329-76FB-4D57-BCAB-D8CC762047BD}.Release|ARM.ActiveCfg = Release|Any CPU
		{C5F73329-76FB-4D57-BCAB-D8CC762047BD}.Release|ARM.Build.0 = Release|Any CPU
		{C5F73329-76FB-4D57-BCAB-D8CC762047BD}.Release|x64.ActiveCfg = Release|Any CPU
		{C5F73329-76FB-4D57-BCAB-D8CC762047BD}.Release|x64.Build.0 = Release|Any CPU
		{C5F73329-76FB-4D57-BCAB-D8CC762047BD}.Release|x86.ActiveCfg = Release|Any CPU
		{C5F73329-76FB-4D57-BCAB-D8CC762047BD}.Release|x86.Build.0 = Release|Any CPU
		{92D387E6-C7AA-47F6-A08E-EABD9791BEDD}.Debug|Any CPU.ActiveCfg = Debug|Any CPU
		{92D387E6-C7AA-47F6-A08E-EABD9791BEDD}.Debug|Any CPU.Build.0 = Debug|Any CPU
		{92D387E6-C7AA-47F6-A08E-EABD9791BEDD}.Debug|ARM.ActiveCfg = Debug|Any CPU
		{92D387E6-C7AA-47F6-A08E-EABD9791BEDD}.Debug|ARM.Build.0 = Debug|Any CPU
		{92D387E6-C7AA-47F6-A08E-EABD9791BEDD}.Debug|x64.ActiveCfg = Debug|Any CPU
		{92D387E6-C7AA-47F6-A08E-EABD9791BEDD}.Debug|x64.Build.0 = Debug|Any CPU
		{92D387E6-C7AA-47F6-A08E-EABD9791BEDD}.Debug|x86.ActiveCfg = Debug|Any CPU
		{92D387E6-C7AA-47F6-A08E-EABD9791BEDD}.Debug|x86.Build.0 = Debug|Any CPU
		{92D387E6-C7AA-47F6-A08E-EABD9791BEDD}.Release|Any CPU.ActiveCfg = Release|Any CPU
		{92D387E6-C7AA-47F6-A08E-EABD9791BEDD}.Release|Any CPU.Build.0 = Release|Any CPU
		{92D387E6-C7AA-47F6-A08E-EABD9791BEDD}.Release|ARM.ActiveCfg = Release|Any CPU
		{92D387E6-C7AA-47F6-A08E-EABD9791BEDD}.Release|ARM.Build.0 = Release|Any CPU
		{92D387E6-C7AA-47F6-A08E-EABD9791BEDD}.Release|x64.ActiveCfg = Release|Any CPU
		{92D387E6-C7AA-47F6-A08E-EABD9791BEDD}.Release|x64.Build.0 = Release|Any CPU
		{92D387E6-C7AA-47F6-A08E-EABD9791BEDD}.Release|x86.ActiveCfg = Release|Any CPU
		{92D387E6-C7AA-47F6-A08E-EABD9791BEDD}.Release|x86.Build.0 = Release|Any CPU
	EndGlobalSection
	GlobalSection(SolutionProperties) = preSolution
		HideSolutionNode = FALSE
	EndGlobalSection
	GlobalSection(ExtensibilityGlobals) = postSolution
		SolutionGuid = {D7CF3799-379E-40DF-B72C-89207D20E042}
	EndGlobalSection
EndGlobal
