
Microsoft Visual Studio Solution File, Format Version 12.00
# Visual Studio 2013
VisualStudioVersion = 12.0.30324.0
MinimumVisualStudioVersion = 10.0.40219.1
Project("{FAE04EC0-301F-11D3-BF4B-00C04F79EFBC}") = "RecipeDal", "RecipeDal\RecipeDal.csproj", "{3C939770-8818-4195-9D4C-8BA3C0046D4F}"
EndProject
Project("{FAE04EC0-301F-11D3-BF4B-00C04F79EFBC}") = "Repair.Tests", "..\Repair.Tests\Repair.Tests.csproj", "{3EE6C68E-1C07-4532-913F-A1C47F09350B}"
EndProject
Project("{FAE04EC0-301F-11D3-BF4B-00C04F79EFBC}") = "Recipe.Web", "Recipe.Web\Recipe.Web.csproj", "{BE4F0A58-14F2-4A5C-BF60-9EC19966C743}"
EndProject
Global
	GlobalSection(SolutionConfigurationPlatforms) = preSolution
		Debug|Any CPU = Debug|Any CPU
		Release|Any CPU = Release|Any CPU
	EndGlobalSection
	GlobalSection(ProjectConfigurationPlatforms) = postSolution
		{3C939770-8818-4195-9D4C-8BA3C0046D4F}.Debug|Any CPU.ActiveCfg = Debug|Any CPU
		{3C939770-8818-4195-9D4C-8BA3C0046D4F}.Debug|Any CPU.Build.0 = Debug|Any CPU
		{3C939770-8818-4195-9D4C-8BA3C0046D4F}.Release|Any CPU.ActiveCfg = Release|Any CPU
		{3C939770-8818-4195-9D4C-8BA3C0046D4F}.Release|Any CPU.Build.0 = Release|Any CPU
		{3EE6C68E-1C07-4532-913F-A1C47F09350B}.Debug|Any CPU.ActiveCfg = Debug|Any CPU
		{3EE6C68E-1C07-4532-913F-A1C47F09350B}.Debug|Any CPU.Build.0 = Debug|Any CPU
		{3EE6C68E-1C07-4532-913F-A1C47F09350B}.Release|Any CPU.ActiveCfg = Release|Any CPU
		{3EE6C68E-1C07-4532-913F-A1C47F09350B}.Release|Any CPU.Build.0 = Release|Any CPU
		{BE4F0A58-14F2-4A5C-BF60-9EC19966C743}.Debug|Any CPU.ActiveCfg = Debug|Any CPU
		{BE4F0A58-14F2-4A5C-BF60-9EC19966C743}.Debug|Any CPU.Build.0 = Debug|Any CPU
		{BE4F0A58-14F2-4A5C-BF60-9EC19966C743}.Release|Any CPU.ActiveCfg = Release|Any CPU
		{BE4F0A58-14F2-4A5C-BF60-9EC19966C743}.Release|Any CPU.Build.0 = Release|Any CPU
	EndGlobalSection
	GlobalSection(SolutionProperties) = preSolution
		HideSolutionNode = FALSE
	EndGlobalSection
EndGlobal
